
Microsoft Visual Studio Solution File, Format Version 11.00
# Visual Studio 2010
Project("{FAE04EC0-301F-11D3-BF4B-00C04F79EFBC}") = "MuonLab.Web.Xhtml", "MuonLab.Web.Xhtml\MuonLab.Web.Xhtml.csproj", "{23A417A9-C102-44AE-BF68-6E42E5E998B9}"
EndProject
Project("{FAE04EC0-301F-11D3-BF4B-00C04F79EFBC}") = "MuonLab.Web.Xhtml.Tests", "MuonLab.Web.Xhtml.Tests\MuonLab.Web.Xhtml.Tests.csproj", "{CBA33D4C-EEDF-46CD-B5DD-C7DD3D424F3E}"
EndProject
Project("{FAE04EC0-301F-11D3-BF4B-00C04F79EFBC}") = "MuonLab.Web.Xhtml.Example", "MuonLab.Web.Xhtml.Example\MuonLab.Web.Xhtml.Example.csproj", "{4C8161C9-D883-4104-9FED-04139F211305}"
EndProject
Global
	GlobalSection(SolutionConfigurationPlatforms) = preSolution
		Debug|Any CPU = Debug|Any CPU
		Release|Any CPU = Release|Any CPU
	EndGlobalSection
	GlobalSection(ProjectConfigurationPlatforms) = postSolution
		{23A417A9-C102-44AE-BF68-6E42E5E998B9}.Debug|Any CPU.ActiveCfg = Debug|Any CPU
		{23A417A9-C102-44AE-BF68-6E42E5E998B9}.Debug|Any CPU.Build.0 = Debug|Any CPU
		{23A417A9-C102-44AE-BF68-6E42E5E998B9}.Release|Any CPU.ActiveCfg = Release|Any CPU
		{23A417A9-C102-44AE-BF68-6E42E5E998B9}.Release|Any CPU.Build.0 = Release|Any CPU
		{CBA33D4C-EEDF-46CD-B5DD-C7DD3D424F3E}.Debug|Any CPU.ActiveCfg = Debug|Any CPU
		{CBA33D4C-EEDF-46CD-B5DD-C7DD3D424F3E}.Debug|Any CPU.Build.0 = Debug|Any CPU
		{CBA33D4C-EEDF-46CD-B5DD-C7DD3D424F3E}.Release|Any CPU.ActiveCfg = Release|Any CPU
		{CBA33D4C-EEDF-46CD-B5DD-C7DD3D424F3E}.Release|Any CPU.Build.0 = Release|Any CPU
		{4C8161C9-D883-4104-9FED-04139F211305}.Debug|Any CPU.ActiveCfg = Debug|Any CPU
		{4C8161C9-D883-4104-9FED-04139F211305}.Debug|Any CPU.Build.0 = Debug|Any CPU
		{4C8161C9-D883-4104-9FED-04139F211305}.Release|Any CPU.ActiveCfg = Release|Any CPU
		{4C8161C9-D883-4104-9FED-04139F211305}.Release|Any CPU.Build.0 = Release|Any CPU
	EndGlobalSection
	GlobalSection(SolutionProperties) = preSolution
		HideSolutionNode = FALSE
	EndGlobalSection
EndGlobal
